{
  "name": "keccomputing",
  "version": "0.1.0",
  "lockfileVersion": 3,
  "requires": true,
  "packages": {
    "": {
      "name": "keccomputing",
      "version": "0.1.0",
      "dependencies": {
        "keccomputing": "file:"
      }
    },
    "node_modules/keccomputing": {
      "resolved": "",
      "link": true
    }
  }
}
